
Microsoft Visual Studio Solution File, Format Version 12.00
# Visual Studio Version 17
VisualStudioVersion = 17.13.35919.96 d17.13
MinimumVisualStudioVersion = 10.0.40219.1
Project("{FAE04EC0-301F-11D3-BF4B-00C04F79EFBC}") = "OnlineNotePad", "OnlineNotePad\OnlineNotePad.csproj", "{E2A14CAC-1C1F-4FAB-AE6F-AD4E52F2C848}"
EndProject
Global
	GlobalSection(SolutionConfigurationPlatforms) = preSolution
		Debug|Any CPU = Debug|Any CPU
		Release|Any CPU = Release|Any CPU
	EndGlobalSection
	GlobalSection(ProjectConfigurationPlatforms) = postSolution
		{E2A14CAC-1C1F-4FAB-AE6F-AD4E52F2C848}.Debug|Any CPU.ActiveCfg = Debug|Any CPU
		{E2A14CAC-1C1F-4FAB-AE6F-AD4E52F2C848}.Debug|Any CPU.Build.0 = Debug|Any CPU
		{E2A14CAC-1C1F-4FAB-AE6F-AD4E52F2C848}.Release|Any CPU.ActiveCfg = Release|Any CPU
		{E2A14CAC-1C1F-4FAB-AE6F-AD4E52F2C848}.Release|Any CPU.Build.0 = Release|Any CPU
	EndGlobalSection
	GlobalSection(SolutionProperties) = preSolution
		HideSolutionNode = FALSE
	EndGlobalSection
	GlobalSection(ExtensibilityGlobals) = postSolution
		SolutionGuid = {D03521A5-95C6-4B9A-822D-8D592C5E9373}
	EndGlobalSection
EndGlobal
